
Microsoft Visual Studio Solution File, Format Version 12.00
# Visual Studio 15
VisualStudioVersion = 15.0.26430.16
MinimumVisualStudioVersion = 10.0.40219.1
Project("{FAE04EC0-301F-11D3-BF4B-00C04F79EFBC}") = "MedianSelection", "MedianSelection\MedianSelection.csproj", "{EA24A26E-9A05-4E00-B0AF-DB83B2FDFF40}"
EndProject
Global
	GlobalSection(SolutionConfigurationPlatforms) = preSolution
		Debug|Any CPU = Debug|Any CPU
		Release|Any CPU = Release|Any CPU
	EndGlobalSection
	GlobalSection(ProjectConfigurationPlatforms) = postSolution
		{EA24A26E-9A05-4E00-B0AF-DB83B2FDFF40}.Debug|Any CPU.ActiveCfg = Debug|Any CPU
		{EA24A26E-9A05-4E00-B0AF-DB83B2FDFF40}.Debug|Any CPU.Build.0 = Debug|Any CPU
		{EA24A26E-9A05-4E00-B0AF-DB83B2FDFF40}.Release|Any CPU.ActiveCfg = Release|Any CPU
		{EA24A26E-9A05-4E00-B0AF-DB83B2FDFF40}.Release|Any CPU.Build.0 = Release|Any CPU
	EndGlobalSection
	GlobalSection(SolutionProperties) = preSolution
		HideSolutionNode = FALSE
	EndGlobalSection
EndGlobal
