
Microsoft Visual Studio Solution File, Format Version 12.00
# Visual Studio 2017
Project("{FAE04EC0-301F-11D3-BF4B-00C04F79EFBC}") = "MedianSelectionBasicOp", "MedianSelectionBasicOp.csproj", "{215DDC13-366E-4002-A353-F05E74D89442}"
EndProject
Global
	GlobalSection(SolutionConfigurationPlatforms) = preSolution
		Debug|Any CPU = Debug|Any CPU
		Release|Any CPU = Release|Any CPU
	EndGlobalSection
	GlobalSection(ProjectConfigurationPlatforms) = postSolution
		{215DDC13-366E-4002-A353-F05E74D89442}.Debug|Any CPU.ActiveCfg = Debug|Any CPU
		{215DDC13-366E-4002-A353-F05E74D89442}.Debug|Any CPU.Build.0 = Debug|Any CPU
		{215DDC13-366E-4002-A353-F05E74D89442}.Release|Any CPU.ActiveCfg = Release|Any CPU
		{215DDC13-366E-4002-A353-F05E74D89442}.Release|Any CPU.Build.0 = Release|Any CPU
	EndGlobalSection
EndGlobal
